
Microsoft Visual Studio Solution File, Format Version 12.00
# Visual Studio Version 17
VisualStudioVersion = 17.2.32616.157
MinimumVisualStudioVersion = 10.0.40219.1
Project("{FAE04EC0-301F-11D3-BF4B-00C04F79EFBC}") = "SocketClient", "..\..\socketDemo\SocketClient\SocketClient\SocketClient.csproj", "{AF965EE5-B362-4CA6-B0B6-D6429AC64547}"
EndProject
Project("{FAE04EC0-301F-11D3-BF4B-00C04F79EFBC}") = "SocketServer", "..\..\socketDemo\SocketServer\SocketServer\SocketServer.csproj", "{AB109BDD-1B60-4DA2-A3B6-C7C837890AAF}"
EndProject
Global
	GlobalSection(SolutionConfigurationPlatforms) = preSolution
		Debug|Any CPU = Debug|Any CPU
		Release|Any CPU = Release|Any CPU
	EndGlobalSection
	GlobalSection(ProjectConfigurationPlatforms) = postSolution
		{AF965EE5-B362-4CA6-B0B6-D6429AC64547}.Debug|Any CPU.ActiveCfg = Debug|Any CPU
		{AF965EE5-B362-4CA6-B0B6-D6429AC64547}.Debug|Any CPU.Build.0 = Debug|Any CPU
		{AF965EE5-B362-4CA6-B0B6-D6429AC64547}.Release|Any CPU.ActiveCfg = Release|Any CPU
		{AF965EE5-B362-4CA6-B0B6-D6429AC64547}.Release|Any CPU.Build.0 = Release|Any CPU
		{AB109BDD-1B60-4DA2-A3B6-C7C837890AAF}.Debug|Any CPU.ActiveCfg = Debug|Any CPU
		{AB109BDD-1B60-4DA2-A3B6-C7C837890AAF}.Debug|Any CPU.Build.0 = Debug|Any CPU
		{AB109BDD-1B60-4DA2-A3B6-C7C837890AAF}.Release|Any CPU.ActiveCfg = Release|Any CPU
		{AB109BDD-1B60-4DA2-A3B6-C7C837890AAF}.Release|Any CPU.Build.0 = Release|Any CPU
	EndGlobalSection
	GlobalSection(SolutionProperties) = preSolution
		HideSolutionNode = FALSE
	EndGlobalSection
	GlobalSection(ExtensibilityGlobals) = postSolution
		SolutionGuid = {0686A5D8-43CB-4910-ABA7-48B65CDA04AD}
	EndGlobalSection
EndGlobal
