
Microsoft Visual Studio Solution File, Format Version 12.00
# Visual Studio Version 17
VisualStudioVersion = 17.2.32616.157
MinimumVisualStudioVersion = 10.0.40219.1
Project("{9A19103F-16F7-4668-BE54-9A1E7A4F7556}") = "SocketTestClient", "..\SocketTestClient\SocketTestClient.csproj", "{11EAEE27-14B8-4C13-B6A2-1E219B9C213E}"
EndProject
Project("{9A19103F-16F7-4668-BE54-9A1E7A4F7556}") = "SocketTestServer", "..\SocketTestServer\SocketTestServer.csproj", "{6689DE0C-3603-4621-9793-56CAF5E9AF6B}"
EndProject
Global
	GlobalSection(SolutionConfigurationPlatforms) = preSolution
		Debug|Any CPU = Debug|Any CPU
		Release|Any CPU = Release|Any CPU
	EndGlobalSection
	GlobalSection(ProjectConfigurationPlatforms) = postSolution
		{11EAEE27-14B8-4C13-B6A2-1E219B9C213E}.Debug|Any CPU.ActiveCfg = Debug|Any CPU
		{11EAEE27-14B8-4C13-B6A2-1E219B9C213E}.Debug|Any CPU.Build.0 = Debug|Any CPU
		{11EAEE27-14B8-4C13-B6A2-1E219B9C213E}.Release|Any CPU.ActiveCfg = Release|Any CPU
		{11EAEE27-14B8-4C13-B6A2-1E219B9C213E}.Release|Any CPU.Build.0 = Release|Any CPU
		{6689DE0C-3603-4621-9793-56CAF5E9AF6B}.Debug|Any CPU.ActiveCfg = Debug|Any CPU
		{6689DE0C-3603-4621-9793-56CAF5E9AF6B}.Debug|Any CPU.Build.0 = Debug|Any CPU
		{6689DE0C-3603-4621-9793-56CAF5E9AF6B}.Release|Any CPU.ActiveCfg = Release|Any CPU
		{6689DE0C-3603-4621-9793-56CAF5E9AF6B}.Release|Any CPU.Build.0 = Release|Any CPU
	EndGlobalSection
	GlobalSection(SolutionProperties) = preSolution
		HideSolutionNode = FALSE
	EndGlobalSection
	GlobalSection(ExtensibilityGlobals) = postSolution
		SolutionGuid = {0686A5D8-43CB-4910-ABA7-48B65CDA04AD}
	EndGlobalSection
EndGlobal
